
Microsoft Visual Studio Solution File, Format Version 12.00
# Visual Studio 15
Project("{FAE04EC0-301F-11D3-BF4B-00C04F79EFBC}") = "Assembly-CSharp", "Assembly-CSharp.csproj", "{5378D923-A1C5-CBCD-C148-087F8771AB46}"
EndProject
Project("{FAE04EC0-301F-11D3-BF4B-00C04F79EFBC}") = "Assembly-CSharp-Editor", "Assembly-CSharp-Editor.csproj", "{6D8E72C8-754D-1696-1730-E0428F4FA4D3}"
EndProject
Global
	GlobalSection(SolutionConfigurationPlatforms) = preSolution
		Debug|Any CPU = Debug|Any CPU
		Release|Any CPU = Release|Any CPU
	EndGlobalSection
	GlobalSection(ProjectConfigurationPlatforms) = postSolution
		{5378D923-A1C5-CBCD-C148-087F8771AB46}.Debug|Any CPU.ActiveCfg = Debug|Any CPU
		{5378D923-A1C5-CBCD-C148-087F8771AB46}.Debug|Any CPU.Build.0 = Debug|Any CPU
		{5378D923-A1C5-CBCD-C148-087F8771AB46}.Release|Any CPU.ActiveCfg = Release|Any CPU
		{5378D923-A1C5-CBCD-C148-087F8771AB46}.Release|Any CPU.Build.0 = Release|Any CPU
		{6D8E72C8-754D-1696-1730-E0428F4FA4D3}.Debug|Any CPU.ActiveCfg = Debug|Any CPU
		{6D8E72C8-754D-1696-1730-E0428F4FA4D3}.Debug|Any CPU.Build.0 = Debug|Any CPU
		{6D8E72C8-754D-1696-1730-E0428F4FA4D3}.Release|Any CPU.ActiveCfg = Release|Any CPU
		{6D8E72C8-754D-1696-1730-E0428F4FA4D3}.Release|Any CPU.Build.0 = Release|Any CPU
	EndGlobalSection
	GlobalSection(SolutionProperties) = preSolution
		HideSolutionNode = FALSE
	EndGlobalSection
EndGlobal
